// !$*UTF8*$!
{
	archiveVersion = 1;
	classes = {
	};
	objectVersion = 55;
	objects = {

/* Begin PBXBuildFile section */
		3B7B95BF28590F2C00BA70AB /* PhotoPickerViewController.swift in Sources */ = {isa = PBXBuildFile; fileRef = 3B7B95BE28590F2C00BA70AB /* PhotoPickerViewController.swift */; };
		3B7B95C12859492000BA70AB /* PhotoPicker.storyboard in Resources */ = {isa = PBXBuildFile; fileRef = 3B7B95C02859492000BA70AB /* PhotoPicker.storyboard */; };
		3B7B95C328594A5000BA70AB /* HypePhotoViewController.swift in Sources */ = {isa = PBXBuildFile; fileRef = 3B7B95C228594A5000BA70AB /* HypePhotoViewController.swift */; };
		3B7C2C7428583D100027B670 /* User.swift in Sources */ = {isa = PBXBuildFile; fileRef = 3B7C2C7328583D100027B670 /* User.swift */; };
		3B7C2C76285842F90027B670 /* UserController.swift in Sources */ = {isa = PBXBuildFile; fileRef = 3B7C2C75285842F90027B670 /* UserController.swift */; };
		3B7C2C7828584BB40027B670 /* LoginViewController.swift in Sources */ = {isa = PBXBuildFile; fileRef = 3B7C2C7728584BB40027B670 /* LoginViewController.swift */; };
		3B7C2C7B28584D9D0027B670 /* HypeList.storyboard in Resources */ = {isa = PBXBuildFile; fileRef = 3B7C2C7928584D9D0027B670 /* HypeList.storyboard */; };
		3BB84539285514C400880480 /* AppDelegate.swift in Sources */ = {isa = PBXBuildFile; fileRef = 3BB84538285514C400880480 /* AppDelegate.swift */; };
		3BB8453B285514C400880480 /* SceneDelegate.swift in Sources */ = {isa = PBXBuildFile; fileRef = 3BB8453A285514C400880480 /* SceneDelegate.swift */; };
		3BB84540285514C400880480 /* Main.storyboard in Resources */ = {isa = PBXBuildFile; fileRef = 3BB8453E285514C400880480 /* Main.storyboard */; };
		3BB84542285514C500880480 /* Assets.xcassets in Resources */ = {isa = PBXBuildFile; fileRef = 3BB84541285514C500880480 /* Assets.xcassets */; };
		3BB84545285514C500880480 /* LaunchScreen.storyboard in Resources */ = {isa = PBXBuildFile; fileRef = 3BB84543285514C500880480 /* LaunchScreen.storyboard */; };
		3BB8454F285514F400880480 /* CloudKit.framework in Frameworks */ = {isa = PBXBuildFile; fileRef = 3BB8454E285514F400880480 /* CloudKit.framework */; };
		3BB84555285515CD00880480 /* Hype.swift in Sources */ = {isa = PBXBuildFile; fileRef = 3BB84554285515CD00880480 /* Hype.swift */; };
		3BB84559285516BB00880480 /* HypeController.swift in Sources */ = {isa = PBXBuildFile; fileRef = 3BB84558285516BB00880480 /* HypeController.swift */; };
		3BB8455C2855170600880480 /* DateFormatter.swift in Sources */ = {isa = PBXBuildFile; fileRef = 3BB8455B2855170600880480 /* DateFormatter.swift */; };
		3BB8455E2855179E00880480 /* HypeListViewController.swift in Sources */ = {isa = PBXBuildFile; fileRef = 3BB8455D2855179E00880480 /* HypeListViewController.swift */; };
		3BB845612855187100880480 /* HypeTableViewCell.swift in Sources */ = {isa = PBXBuildFile; fileRef = 3BB845602855187100880480 /* HypeTableViewCell.swift */; };
/* End PBXBuildFile section */

/* Begin PBXFileReference section */
		3B7B95BE28590F2C00BA70AB /* PhotoPickerViewController.swift */ = {isa = PBXFileReference; lastKnownFileType = sourcecode.swift; path = PhotoPickerViewController.swift; sourceTree = "<group>"; };
		3B7B95C02859492000BA70AB /* PhotoPicker.storyboard */ = {isa = PBXFileReference; fileEncoding = 4; lastKnownFileType = file.storyboard; path = PhotoPicker.storyboard; sourceTree = "<group>"; };
		3B7B95C228594A5000BA70AB /* HypePhotoViewController.swift */ = {isa = PBXFileReference; lastKnownFileType = sourcecode.swift; path = HypePhotoViewController.swift; sourceTree = "<group>"; };
		3B7C2C7328583D100027B670 /* User.swift */ = {isa = PBXFileReference; lastKnownFileType = sourcecode.swift; path = User.swift; sourceTree = "<group>"; };
		3B7C2C75285842F90027B670 /* UserController.swift */ = {isa = PBXFileReference; lastKnownFileType = sourcecode.swift; path = UserController.swift; sourceTree = "<group>"; };
		3B7C2C7728584BB40027B670 /* LoginViewController.swift */ = {isa = PBXFileReference; lastKnownFileType = sourcecode.swift; path = LoginViewController.swift; sourceTree = "<group>"; };
		3B7C2C7A28584D9D0027B670 /* Base */ = {isa = PBXFileReference; lastKnownFileType = file.storyboard; name = Base; path = HypeCloudKit/Views/Base.lproj/HypeList.storyboard; sourceTree = "<group>"; };
		3BB84535285514C400880480 /* HypeCloudKit.app */ = {isa = PBXFileReference; explicitFileType = wrapper.application; includeInIndex = 0; path = HypeCloudKit.app; sourceTree = BUILT_PRODUCTS_DIR; };
		3BB84538285514C400880480 /* AppDelegate.swift */ = {isa = PBXFileReference; lastKnownFileType = sourcecode.swift; path = AppDelegate.swift; sourceTree = "<group>"; };
		3BB8453A285514C400880480 /* SceneDelegate.swift */ = {isa = PBXFileReference; lastKnownFileType = sourcecode.swift; path = SceneDelegate.swift; sourceTree = "<group>"; };
		3BB8453F285514C400880480 /* Base */ = {isa = PBXFileReference; lastKnownFileType = file.storyboard; name = Base; path = Base.lproj/Main.storyboard; sourceTree = "<group>"; };
		3BB84541285514C500880480 /* Assets.xcassets */ = {isa = PBXFileReference; lastKnownFileType = folder.assetcatalog; path = Assets.xcassets; sourceTree = "<group>"; };
		3BB84544285514C500880480 /* Base */ = {isa = PBXFileReference; lastKnownFileType = file.storyboard; name = Base; path = Base.lproj/LaunchScreen.storyboard; sourceTree = "<group>"; };
		3BB84546285514C500880480 /* Info.plist */ = {isa = PBXFileReference; lastKnownFileType = text.plist.xml; path = Info.plist; sourceTree = "<group>"; };
		3BB8454C285514F000880480 /* HypeCloudKit.entitlements */ = {isa = PBXFileReference; lastKnownFileType = text.plist.entitlements; path = HypeCloudKit.entitlements; sourceTree = "<group>"; };
		3BB8454E285514F400880480 /* CloudKit.framework */ = {isa = PBXFileReference; lastKnownFileType = wrapper.framework; name = CloudKit.framework; path = System/Library/Frameworks/CloudKit.framework; sourceTree = SDKROOT; };
		3BB84554285515CD00880480 /* Hype.swift */ = {isa = PBXFileReference; lastKnownFileType = sourcecode.swift; path = Hype.swift; sourceTree = "<group>"; };
		3BB84558285516BB00880480 /* HypeController.swift */ = {isa = PBXFileReference; lastKnownFileType = sourcecode.swift; path = HypeController.swift; sourceTree = "<group>"; };
		3BB8455B2855170600880480 /* DateFormatter.swift */ = {isa = PBXFileReference; lastKnownFileType = sourcecode.swift; path = DateFormatter.swift; sourceTree = "<group>"; };
		3BB8455D2855179E00880480 /* HypeListViewController.swift */ = {isa = PBXFileReference; lastKnownFileType = sourcecode.swift; path = HypeListViewController.swift; sourceTree = "<group>"; };
		3BB845602855187100880480 /* HypeTableViewCell.swift */ = {isa = PBXFileReference; lastKnownFileType = sourcecode.swift; path = HypeTableViewCell.swift; sourceTree = "<group>"; };
/* End PBXFileReference section */

/* Begin PBXFrameworksBuildPhase section */
		3BB84532285514C400880480 /* Frameworks */ = {
			isa = PBXFrameworksBuildPhase;
			buildActionMask = 2147483647;
			files = (
				3BB8454F285514F400880480 /* CloudKit.framework in Frameworks */,
			);
			runOnlyForDeploymentPostprocessing = 0;
		};
/* End PBXFrameworksBuildPhase section */

/* Begin PBXGroup section */
		3BB8452C285514C400880480 = {
			isa = PBXGroup;
			children = (
				3BB84537285514C400880480 /* HypeCloudKit */,
				3BB84536285514C400880480 /* Products */,
				3BB8454D285514F400880480 /* Frameworks */,
			);
			sourceTree = "<group>";
		};
		3BB84536285514C400880480 /* Products */ = {
			isa = PBXGroup;
			children = (
				3BB84535285514C400880480 /* HypeCloudKit.app */,
			);
			name = Products;
			sourceTree = "<group>";
		};
		3BB84537285514C400880480 /* HypeCloudKit */ = {
			isa = PBXGroup;
			children = (
				3BB8454C285514F000880480 /* HypeCloudKit.entitlements */,
				3BB8455F2855184000880480 /* CustomViews */,
				3BB845532855157800880480 /* Models */,
				3BB845522855156300880480 /* Views */,
				3BB845512855155000880480 /* Controllers */,
				3BB8455A285516CC00880480 /* Helper+Extensions */,
				3BB845502855153700880480 /* Resources */,
			);
			path = HypeCloudKit;
			sourceTree = "<group>";
		};
		3BB8454D285514F400880480 /* Frameworks */ = {
			isa = PBXGroup;
			children = (
				3BB8454E285514F400880480 /* CloudKit.framework */,
			);
			name = Frameworks;
			sourceTree = "<group>";
		};
		3BB845502855153700880480 /* Resources */ = {
			isa = PBXGroup;
			children = (
				3BB84538285514C400880480 /* AppDelegate.swift */,
				3BB8453A285514C400880480 /* SceneDelegate.swift */,
				3BB84541285514C500880480 /* Assets.xcassets */,
				3BB84543285514C500880480 /* LaunchScreen.storyboard */,
				3BB84546285514C500880480 /* Info.plist */,
			);
			path = Resources;
			sourceTree = "<group>";
		};
		3BB845512855155000880480 /* Controllers */ = {
			isa = PBXGroup;
			children = (
				3BB84557285516A000880480 /* ModelControllers */,
				3BB845562855168B00880480 /* ViewControllers */,
			);
			path = Controllers;
			sourceTree = "<group>";
		};
		3BB845522855156300880480 /* Views */ = {
			isa = PBXGroup;
			children = (
				3BB8453E285514C400880480 /* Main.storyboard */,
				3B7C2C7928584D9D0027B670 /* HypeList.storyboard */,
				3B7B95C02859492000BA70AB /* PhotoPicker.storyboard */,
			);
			path = Views;
			sourceTree = "<group>";
		};
		3BB845532855157800880480 /* Models */ = {
			isa = PBXGroup;
			children = (
				3BB84554285515CD00880480 /* Hype.swift */,
				3B7C2C7328583D100027B670 /* User.swift */,
			);
			path = Models;
			sourceTree = "<group>";
		};
		3BB845562855168B00880480 /* ViewControllers */ = {
			isa = PBXGroup;
			children = (
				3BB8455D2855179E00880480 /* HypeListViewController.swift */,
				3B7C2C7728584BB40027B670 /* LoginViewController.swift */,
				3B7B95BE28590F2C00BA70AB /* PhotoPickerViewController.swift */,
				3B7B95C228594A5000BA70AB /* HypePhotoViewController.swift */,
			);
			path = ViewControllers;
			sourceTree = "<group>";
		};
		3BB84557285516A000880480 /* ModelControllers */ = {
			isa = PBXGroup;
			children = (
				3BB84558285516BB00880480 /* HypeController.swift */,
				3B7C2C75285842F90027B670 /* UserController.swift */,
			);
			path = ModelControllers;
			sourceTree = "<group>";
		};
		3BB8455A285516CC00880480 /* Helper+Extensions */ = {
			isa = PBXGroup;
			children = (
				3BB8455B2855170600880480 /* DateFormatter.swift */,
			);
			path = "Helper+Extensions";
			sourceTree = "<group>";
		};
		3BB8455F2855184000880480 /* CustomViews */ = {
			isa = PBXGroup;
			children = (
				3BB845602855187100880480 /* HypeTableViewCell.swift */,
			);
			path = CustomViews;
			sourceTree = "<group>";
		};
/* End PBXGroup section */

/* Begin PBXNativeTarget section */
		3BB84534285514C400880480 /* HypeCloudKit */ = {
			isa = PBXNativeTarget;
			buildConfigurationList = 3BB84549285514C500880480 /* Build configuration list for PBXNativeTarget "HypeCloudKit" */;
			buildPhases = (
				3BB84531285514C400880480 /* Sources */,
				3BB84532285514C400880480 /* Frameworks */,
				3BB84533285514C400880480 /* Resources */,
			);
			buildRules = (
			);
			dependencies = (
			);
			name = HypeCloudKit;
			productName = HypeCloudKit;
			productReference = 3BB84535285514C400880480 /* HypeCloudKit.app */;
			productType = "com.apple.product-type.application";
		};
/* End PBXNativeTarget section */

/* Begin PBXProject section */
		3BB8452D285514C400880480 /* Project object */ = {
			isa = PBXProject;
			attributes = {
				BuildIndependentTargetsInParallel = 1;
				LastSwiftUpdateCheck = 1340;
				LastUpgradeCheck = 1340;
				TargetAttributes = {
					3BB84534285514C400880480 = {
						CreatedOnToolsVersion = 13.4.1;
					};
				};
			};
			buildConfigurationList = 3BB84530285514C400880480 /* Build configuration list for PBXProject "HypeCloudKit" */;
			compatibilityVersion = "Xcode 13.0";
			developmentRegion = en;
			hasScannedForEncodings = 0;
			knownRegions = (
				en,
				Base,
			);
			mainGroup = 3BB8452C285514C400880480;
			productRefGroup = 3BB84536285514C400880480 /* Products */;
			projectDirPath = "";
			projectRoot = "";
			targets = (
				3BB84534285514C400880480 /* HypeCloudKit */,
			);
		};
/* End PBXProject section */

/* Begin PBXResourcesBuildPhase section */
		3BB84533285514C400880480 /* Resources */ = {
			isa = PBXResourcesBuildPhase;
			buildActionMask = 2147483647;
			files = (
				3B7C2C7B28584D9D0027B670 /* HypeList.storyboard in Resources */,
				3B7B95C12859492000BA70AB /* PhotoPicker.storyboard in Resources */,
				3BB84545285514C500880480 /* LaunchScreen.storyboard in Resources */,
				3BB84542285514C500880480 /* Assets.xcassets in Resources */,
				3BB84540285514C400880480 /* Main.storyboard in Resources */,
			);
			runOnlyForDeploymentPostprocessing = 0;
		};
/* End PBXResourcesBuildPhase section */

/* Begin PBXSourcesBuildPhase section */
		3BB84531285514C400880480 /* Sources */ = {
			isa = PBXSourcesBuildPhase;
			buildActionMask = 2147483647;
			files = (
				3B7C2C76285842F90027B670 /* UserController.swift in Sources */,
				3BB84539285514C400880480 /* AppDelegate.swift in Sources */,
				3BB84559285516BB00880480 /* HypeController.swift in Sources */,
				3BB8455E2855179E00880480 /* HypeListViewController.swift in Sources */,
				3BB845612855187100880480 /* HypeTableViewCell.swift in Sources */,
				3B7C2C7428583D100027B670 /* User.swift in Sources */,
				3BB8453B285514C400880480 /* SceneDelegate.swift in Sources */,
				3B7B95C328594A5000BA70AB /* HypePhotoViewController.swift in Sources */,
				3BB84555285515CD00880480 /* Hype.swift in Sources */,
				3B7B95BF28590F2C00BA70AB /* PhotoPickerViewController.swift in Sources */,
				3B7C2C7828584BB40027B670 /* LoginViewController.swift in Sources */,
				3BB8455C2855170600880480 /* DateFormatter.swift in Sources */,
			);
			runOnlyForDeploymentPostprocessing = 0;
		};
/* End PBXSourcesBuildPhase section */

/* Begin PBXVariantGroup section */
		3B7C2C7928584D9D0027B670 /* HypeList.storyboard */ = {
			isa = PBXVariantGroup;
			children = (
				3B7C2C7A28584D9D0027B670 /* Base */,
			);
			name = HypeList.storyboard;
			sourceTree = "<group>";
		};
		3BB8453E285514C400880480 /* Main.storyboard */ = {
			isa = PBXVariantGroup;
			children = (
				3BB8453F285514C400880480 /* Base */,
			);
			name = Main.storyboard;
			sourceTree = "<group>";
		};
		3BB84543285514C500880480 /* LaunchScreen.storyboard */ = {
			isa = PBXVariantGroup;
			children = (
				3BB84544285514C500880480 /* Base */,
			);
			name = LaunchScreen.storyboard;
			sourceTree = "<group>";
		};
/* End PBXVariantGroup section */

/* Begin XCBuildConfiguration section */
		3BB84547285514C500880480 /* Debug */ = {
			isa = XCBuildConfiguration;
			buildSettings = {
				ALWAYS_SEARCH_USER_PATHS = NO;
				CLANG_ANALYZER_NONNULL = YES;
				CLANG_ANALYZER_NUMBER_OBJECT_CONVERSION = YES_AGGRESSIVE;
				CLANG_CXX_LANGUAGE_STANDARD = "gnu++17";
				CLANG_ENABLE_MODULES = YES;
				CLANG_ENABLE_OBJC_ARC = YES;
				CLANG_ENABLE_OBJC_WEAK = YES;
				CLANG_WARN_BLOCK_CAPTURE_AUTORELEASING = YES;
				CLANG_WARN_BOOL_CONVERSION = YES;
				CLANG_WARN_COMMA = YES;
				CLANG_WARN_CONSTANT_CONVERSION = YES;
				CLANG_WARN_DEPRECATED_OBJC_IMPLEMENTATIONS = YES;
				CLANG_WARN_DIRECT_OBJC_ISA_USAGE = YES_ERROR;
				CLANG_WARN_DOCUMENTATION_COMMENTS = YES;
				CLANG_WARN_EMPTY_BODY = YES;
				CLANG_WARN_ENUM_CONVERSION = YES;
				CLANG_WARN_INFINITE_RECURSION = YES;
				CLANG_WARN_INT_CONVERSION = YES;
				CLANG_WARN_NON_LITERAL_NULL_CONVERSION = YES;
				CLANG_WARN_OBJC_IMPLICIT_RETAIN_SELF = YES;
				CLANG_WARN_OBJC_LITERAL_CONVERSION = YES;
				CLANG_WARN_OBJC_ROOT_CLASS = YES_ERROR;
				CLANG_WARN_QUOTED_INCLUDE_IN_FRAMEWORK_HEADER = YES;
				CLANG_WARN_RANGE_LOOP_ANALYSIS = YES;
				CLANG_WARN_STRICT_PROTOTYPES = YES;
				CLANG_WARN_SUSPICIOUS_MOVE = YES;
				CLANG_WARN_UNGUARDED_AVAILABILITY = YES_AGGRESSIVE;
				CLANG_WARN_UNREACHABLE_CODE = YES;
				CLANG_WARN__DUPLICATE_METHOD_MATCH = YES;
				COPY_PHASE_STRIP = NO;
				DEBUG_INFORMATION_FORMAT = dwarf;
				ENABLE_STRICT_OBJC_MSGSEND = YES;
				ENABLE_TESTABILITY = YES;
				GCC_C_LANGUAGE_STANDARD = gnu11;
				GCC_DYNAMIC_NO_PIC = NO;
				GCC_NO_COMMON_BLOCKS = YES;
				GCC_OPTIMIZATION_LEVEL = 0;
				GCC_PREPROCESSOR_DEFINITIONS = (
					"DEBUG=1",
					"$(inherited)",
				);
				GCC_WARN_64_TO_32_BIT_CONVERSION = YES;
				GCC_WARN_ABOUT_RETURN_TYPE = YES_ERROR;
				GCC_WARN_UNDECLARED_SELECTOR = YES;
				GCC_WARN_UNINITIALIZED_AUTOS = YES_AGGRESSIVE;
				GCC_WARN_UNUSED_FUNCTION = YES;
				GCC_WARN_UNUSED_VARIABLE = YES;
				IPHONEOS_DEPLOYMENT_TARGET = 15.5;
				MTL_ENABLE_DEBUG_INFO = INCLUDE_SOURCE;
				MTL_FAST_MATH = YES;
				ONLY_ACTIVE_ARCH = YES;
				SDKROOT = iphoneos;
				SWIFT_ACTIVE_COMPILATION_CONDITIONS = DEBUG;
				SWIFT_OPTIMIZATION_LEVEL = "-Onone";
			};
			name = Debug;
		};
		3BB84548285514C500880480 /* Release */ = {
			isa = XCBuildConfiguration;
			buildSettings = {
				ALWAYS_SEARCH_USER_PATHS = NO;
				CLANG_ANALYZER_NONNULL = YES;
				CLANG_ANALYZER_NUMBER_OBJECT_CONVERSION = YES_AGGRESSIVE;
				CLANG_CXX_LANGUAGE_STANDARD = "gnu++17";
				CLANG_ENABLE_MODULES = YES;
				CLANG_ENABLE_OBJC_ARC = YES;
				CLANG_ENABLE_OBJC_WEAK = YES;
				CLANG_WARN_BLOCK_CAPTURE_AUTORELEASING = YES;
				CLANG_WARN_BOOL_CONVERSION = YES;
				CLANG_WARN_COMMA = YES;
				CLANG_WARN_CONSTANT_CONVERSION = YES;
				CLANG_WARN_DEPRECATED_OBJC_IMPLEMENTATIONS = YES;
				CLANG_WARN_DIRECT_OBJC_ISA_USAGE = YES_ERROR;
				CLANG_WARN_DOCUMENTATION_COMMENTS = YES;
				CLANG_WARN_EMPTY_BODY = YES;
				CLANG_WARN_ENUM_CONVERSION = YES;
				CLANG_WARN_INFINITE_RECURSION = YES;
				CLANG_WARN_INT_CONVERSION = YES;
				CLANG_WARN_NON_LITERAL_NULL_CONVERSION = YES;
				CLANG_WARN_OBJC_IMPLICIT_RETAIN_SELF = YES;
				CLANG_WARN_OBJC_LITERAL_CONVERSION = YES;
				CLANG_WARN_OBJC_ROOT_CLASS = YES_ERROR;
				CLANG_WARN_QUOTED_INCLUDE_IN_FRAMEWORK_HEADER = YES;
				CLANG_WARN_RANGE_LOOP_ANALYSIS = YES;
				CLANG_WARN_STRICT_PROTOTYPES = YES;
				CLANG_WARN_SUSPICIOUS_MOVE = YES;
				CLANG_WARN_UNGUARDED_AVAILABILITY = YES_AGGRESSIVE;
				CLANG_WARN_UNREACHABLE_CODE = YES;
				CLANG_WARN__DUPLICATE_METHOD_MATCH = YES;
				COPY_PHASE_STRIP = NO;
				DEBUG_INFORMATION_FORMAT = "dwarf-with-dsym";
				ENABLE_NS_ASSERTIONS = NO;
				ENABLE_STRICT_OBJC_MSGSEND = YES;
				GCC_C_LANGUAGE_STANDARD = gnu11;
				GCC_NO_COMMON_BLOCKS = YES;
				GCC_WARN_64_TO_32_BIT_CONVERSION = YES;
				GCC_WARN_ABOUT_RETURN_TYPE = YES_ERROR;
				GCC_WARN_UNDECLARED_SELECTOR = YES;
				GCC_WARN_UNINITIALIZED_AUTOS = YES_AGGRESSIVE;
				GCC_WARN_UNUSED_FUNCTION = YES;
				GCC_WARN_UNUSED_VARIABLE = YES;
				IPHONEOS_DEPLOYMENT_TARGET = 15.5;
				MTL_ENABLE_DEBUG_INFO = NO;
				MTL_FAST_MATH = YES;
				SDKROOT = iphoneos;
				SWIFT_COMPILATION_MODE = wholemodule;
				SWIFT_OPTIMIZATION_LEVEL = "-O";
				VALIDATE_PRODUCT = YES;
			};
			name = Release;
		};
		3BB8454A285514C500880480 /* Debug */ = {
			isa = XCBuildConfiguration;
			buildSettings = {
				ASSETCATALOG_COMPILER_APPICON_NAME = AppIcon;
				ASSETCATALOG_COMPILER_GLOBAL_ACCENT_COLOR_NAME = AccentColor;
				CODE_SIGN_ENTITLEMENTS = HypeCloudKit/HypeCloudKit.entitlements;
				CODE_SIGN_STYLE = Automatic;
				CURRENT_PROJECT_VERSION = 1;
				DEVELOPMENT_TEAM = G3VP62JDQQ;
				GENERATE_INFOPLIST_FILE = YES;
				INFOPLIST_FILE = HypeCloudKit/Resources/Info.plist;
				INFOPLIST_KEY_UIApplicationSupportsIndirectInputEvents = YES;
				INFOPLIST_KEY_UILaunchStoryboardName = LaunchScreen;
				INFOPLIST_KEY_UIMainStoryboardFile = Main;
				INFOPLIST_KEY_UISupportedInterfaceOrientations_iPad = "UIInterfaceOrientationPortrait UIInterfaceOrientationPortraitUpsideDown UIInterfaceOrientationLandscapeLeft UIInterfaceOrientationLandscapeRight";
				INFOPLIST_KEY_UISupportedInterfaceOrientations_iPhone = "UIInterfaceOrientationPortrait UIInterfaceOrientationLandscapeLeft UIInterfaceOrientationLandscapeRight";
				LD_RUNPATH_SEARCH_PATHS = (
					"$(inherited)",
					"@executable_path/Frameworks",
				);
				MARKETING_VERSION = 1.0;
				PRODUCT_BUNDLE_IDENTIFIER = com.HypeCloudKit.KD;
				PRODUCT_NAME = "$(TARGET_NAME)";
				SWIFT_EMIT_LOC_STRINGS = YES;
				SWIFT_VERSION = 5.0;
				TARGETED_DEVICE_FAMILY = "1,2";
			};
			name = Debug;
		};
		3BB8454B285514C500880480 /* Release */ = {
			isa = XCBuildConfiguration;
			buildSettings = {
				ASSETCATALOG_COMPILER_APPICON_NAME = AppIcon;
				ASSETCATALOG_COMPILER_GLOBAL_ACCENT_COLOR_NAME = AccentColor;
				CODE_SIGN_ENTITLEMENTS = HypeCloudKit/HypeCloudKit.entitlements;
				CODE_SIGN_STYLE = Automatic;
				CURRENT_PROJECT_VERSION = 1;
				DEVELOPMENT_TEAM = G3VP62JDQQ;
				GENERATE_INFOPLIST_FILE = YES;
				INFOPLIST_FILE = HypeCloudKit/Resources/Info.plist;
				INFOPLIST_KEY_UIApplicationSupportsIndirectInputEvents = YES;
				INFOPLIST_KEY_UILaunchStoryboardName = LaunchScreen;
				INFOPLIST_KEY_UIMainStoryboardFile = Main;
				INFOPLIST_KEY_UISupportedInterfaceOrientations_iPad = "UIInterfaceOrientationPortrait UIInterfaceOrientationPortraitUpsideDown UIInterfaceOrientationLandscapeLeft UIInterfaceOrientationLandscapeRight";
				INFOPLIST_KEY_UISupportedInterfaceOrientations_iPhone = "UIInterfaceOrientationPortrait UIInterfaceOrientationLandscapeLeft UIInterfaceOrientationLandscapeRight";
				LD_RUNPATH_SEARCH_PATHS = (
					"$(inherited)",
					"@executable_path/Frameworks",
				);
				MARKETING_VERSION = 1.0;
				PRODUCT_BUNDLE_IDENTIFIER = com.HypeCloudKit.KD;
				PRODUCT_NAME = "$(TARGET_NAME)";
				SWIFT_EMIT_LOC_STRINGS = YES;
				SWIFT_VERSION = 5.0;
				TARGETED_DEVICE_FAMILY = "1,2";
			};
			name = Release;
		};
/* End XCBuildConfiguration section */

/* Begin XCConfigurationList section */
		3BB84530285514C400880480 /* Build configuration list for PBXProject "HypeCloudKit" */ = {
			isa = XCConfigurationList;
			buildConfigurations = (
				3BB84547285514C500880480 /* Debug */,
				3BB84548285514C500880480 /* Release */,
			);
			defaultConfigurationIsVisible = 0;
			defaultConfigurationName = Release;
		};
		3BB84549285514C500880480 /* Build configuration list for PBXNativeTarget "HypeCloudKit" */ = {
			isa = XCConfigurationList;
			buildConfigurations = (
				3BB8454A285514C500880480 /* Debug */,
				3BB8454B285514C500880480 /* Release */,
			);
			defaultConfigurationIsVisible = 0;
			defaultConfigurationName = Release;
		};
/* End XCConfigurationList section */
	};
	rootObject = 3BB8452D285514C400880480 /* Project object */;
}
